
Microsoft Visual Studio Solution File, Format Version 12.00
# Visual Studio Version 17
VisualStudioVersion = 17.9.34728.123
MinimumVisualStudioVersion = 10.0.40219.1
Project("{FAE04EC0-301F-11D3-BF4B-00C04F79EFBC}") = "ConversionInfija-PostFija", "ConversionInfija-PostFija\ConversionInfija-PostFija.csproj", "{449B9E3E-5E7A-42F1-AE21-C1D834347FF3}"
EndProject
Global
	GlobalSection(SolutionConfigurationPlatforms) = preSolution
		Debug|Any CPU = Debug|Any CPU
		Release|Any CPU = Release|Any CPU
	EndGlobalSection
	GlobalSection(ProjectConfigurationPlatforms) = postSolution
		{449B9E3E-5E7A-42F1-AE21-C1D834347FF3}.Debug|Any CPU.ActiveCfg = Debug|Any CPU
		{449B9E3E-5E7A-42F1-AE21-C1D834347FF3}.Debug|Any CPU.Build.0 = Debug|Any CPU
		{449B9E3E-5E7A-42F1-AE21-C1D834347FF3}.Release|Any CPU.ActiveCfg = Release|Any CPU
		{449B9E3E-5E7A-42F1-AE21-C1D834347FF3}.Release|Any CPU.Build.0 = Release|Any CPU
	EndGlobalSection
	GlobalSection(SolutionProperties) = preSolution
		HideSolutionNode = FALSE
	EndGlobalSection
	GlobalSection(ExtensibilityGlobals) = postSolution
		SolutionGuid = {E2EA1935-2F1F-42A7-B334-5AC504DB9703}
	EndGlobalSection
EndGlobal
